
Microsoft Visual Studio Solution File, Format Version 12.00
# Visual Studio 15
VisualStudioVersion = 15.0.26430.16
MinimumVisualStudioVersion = 10.0.40219.1
Project("{9A19103F-16F7-4668-BE54-9A1E7A4F7556}") = "AlgorithmsNetCore", "AlgorithmsNetCore\AlgorithmsNetCore.csproj", "{F5E0BE97-4B36-4806-8FBF-DF7C8F927828}"
EndProject
Project("{FAE04EC0-301F-11D3-BF4B-00C04F79EFBC}") = "AlgorithmsNetCoreTest", "AlgorithmsNetCoreTest\AlgorithmsNetCoreTest.csproj", "{6E7AAED7-2185-487B-8274-A53D4FE1A59A}"
EndProject
Global
	GlobalSection(SolutionConfigurationPlatforms) = preSolution
		Debug|Any CPU = Debug|Any CPU
		Release|Any CPU = Release|Any CPU
	EndGlobalSection
	GlobalSection(ProjectConfigurationPlatforms) = postSolution
		{F5E0BE97-4B36-4806-8FBF-DF7C8F927828}.Debug|Any CPU.ActiveCfg = Debug|Any CPU
		{F5E0BE97-4B36-4806-8FBF-DF7C8F927828}.Debug|Any CPU.Build.0 = Debug|Any CPU
		{F5E0BE97-4B36-4806-8FBF-DF7C8F927828}.Release|Any CPU.ActiveCfg = Release|Any CPU
		{F5E0BE97-4B36-4806-8FBF-DF7C8F927828}.Release|Any CPU.Build.0 = Release|Any CPU
		{6E7AAED7-2185-487B-8274-A53D4FE1A59A}.Debug|Any CPU.ActiveCfg = Debug|Any CPU
		{6E7AAED7-2185-487B-8274-A53D4FE1A59A}.Debug|Any CPU.Build.0 = Debug|Any CPU
		{6E7AAED7-2185-487B-8274-A53D4FE1A59A}.Release|Any CPU.ActiveCfg = Release|Any CPU
		{6E7AAED7-2185-487B-8274-A53D4FE1A59A}.Release|Any CPU.Build.0 = Release|Any CPU
	EndGlobalSection
	GlobalSection(SolutionProperties) = preSolution
		HideSolutionNode = FALSE
	EndGlobalSection
	GlobalSection(ExtensibilityGlobals) = postSolution
		SolutionGuid = {3195C34E-3C36-4DB1-AFC8-FEFC51E48299}
	EndGlobalSection
EndGlobal
